uuid: c78468d2-e686-4dce-84f1-8641a069aa55
langcode: en
status: true
dependencies:
  config:
    - views.view.issue_priority_blocks
  module:
    - views
  theme:
    - bartik
id: views_block__issue_priority_blocks_issues_critical_block
theme: bartik
region: sidebar_second
weight: -4
provider: null
plugin: 'views_block:issue_priority_blocks-issues_critical_block'
settings:
  id: 'views_block:issue_priority_blocks-issues_critical_block'
  label: ''
  provider: views
  label_display: visible
  views_label: ''
  items_per_page: none
  context_mapping: {  }
visibility: {  }
