uuid: 25b49660-363c-4413-93a4-07fe58fc5a99
langcode: en
status: true
dependencies:
  config:
    - views.view.group_nodes
  module:
    - system
    - views
  theme:
    - bartik
id: govcms8_issue_queue_block
theme: bartik
region: content
weight: 0
provider: null
plugin: 'views_block:group_nodes-govcms8_issue_queue_block'
settings:
  id: 'views_block:group_nodes-govcms8_issue_queue_block'
  label: ''
  provider: views
  label_display: visible
  views_label: ''
  items_per_page: none
  context_mapping: {  }
visibility:
  request_path:
    id: request_path
    pages: /group/2
    negate: false
    context_mapping: {  }
