uuid: 0d942afa-cd20-4105-b059-104eca55c3a1
langcode: en
status: true
dependencies:
  config:
    - views.view.kanban
  module:
    - views
  theme:
    - bartik
id: views_block__kanban_kanban_needs_review_block
theme: bartik
region: sidebar_second
weight: -1
provider: null
plugin: 'views_block:kanban-kanban_needs_review_block'
settings:
  id: 'views_block:kanban-kanban_needs_review_block'
  label: ''
  provider: views
  label_display: visible
  views_label: ''
  items_per_page: none
  context_mapping: {  }
visibility: {  }
